
Microsoft Visual Studio Solution File, Format Version 12.00
# Visual Studio Version 17
VisualStudioVersion = 17.8.34511.84
MinimumVisualStudioVersion = 10.0.40219.1
Project("{2150E333-8FDC-42A3-9474-1A3956D46DE8}") = "Services", "Services", "{113AD13E-143E-4F19-8442-2B897A6BB70E}"
EndProject
Project("{2150E333-8FDC-42A3-9474-1A3956D46DE8}") = "Catalog", "Catalog", "{43D7B931-0179-42C9-9449-69456D690A74}"
EndProject
Project("{9A19103F-16F7-4668-BE54-9A1E7A4F7556}") = "Catalog_API", "Services\Catalog\Catalog_API\Catalog_API.csproj", "{4671D766-4318-4636-A075-D17C70D3A965}"
EndProject
Project("{2150E333-8FDC-42A3-9474-1A3956D46DE8}") = "BuildingBlocks", "BuildingBlocks", "{469B0182-C2F8-4992-AA4F-A6A807C41595}"
EndProject
Project("{FAE04EC0-301F-11D3-BF4B-00C04F79EFBC}") = "BuildingBlocks", "BuildingBlocks\BuildingBlocks\BuildingBlocks.csproj", "{9F1D1055-4783-4043-B694-836E3E58B6D2}"
EndProject
Global
	GlobalSection(SolutionConfigurationPlatforms) = preSolution
		Debug|Any CPU = Debug|Any CPU
		Release|Any CPU = Release|Any CPU
	EndGlobalSection
	GlobalSection(ProjectConfigurationPlatforms) = postSolution
		{4671D766-4318-4636-A075-D17C70D3A965}.Debug|Any CPU.ActiveCfg = Debug|Any CPU
		{4671D766-4318-4636-A075-D17C70D3A965}.Debug|Any CPU.Build.0 = Debug|Any CPU
		{4671D766-4318-4636-A075-D17C70D3A965}.Release|Any CPU.ActiveCfg = Release|Any CPU
		{4671D766-4318-4636-A075-D17C70D3A965}.Release|Any CPU.Build.0 = Release|Any CPU
		{9F1D1055-4783-4043-B694-836E3E58B6D2}.Debug|Any CPU.ActiveCfg = Debug|Any CPU
		{9F1D1055-4783-4043-B694-836E3E58B6D2}.Debug|Any CPU.Build.0 = Debug|Any CPU
		{9F1D1055-4783-4043-B694-836E3E58B6D2}.Release|Any CPU.ActiveCfg = Release|Any CPU
		{9F1D1055-4783-4043-B694-836E3E58B6D2}.Release|Any CPU.Build.0 = Release|Any CPU
	EndGlobalSection
	GlobalSection(SolutionProperties) = preSolution
		HideSolutionNode = FALSE
	EndGlobalSection
	GlobalSection(NestedProjects) = preSolution
		{43D7B931-0179-42C9-9449-69456D690A74} = {113AD13E-143E-4F19-8442-2B897A6BB70E}
		{4671D766-4318-4636-A075-D17C70D3A965} = {43D7B931-0179-42C9-9449-69456D690A74}
		{9F1D1055-4783-4043-B694-836E3E58B6D2} = {469B0182-C2F8-4992-AA4F-A6A807C41595}
	EndGlobalSection
	GlobalSection(ExtensibilityGlobals) = postSolution
		SolutionGuid = {41C05CF1-C318-4D16-8584-DB2D0EE880FD}
	EndGlobalSection
EndGlobal
